
Microsoft Visual Studio Solution File, Format Version 12.00
# Visual Studio Version 16
VisualStudioVersion = 16.0.30907.101
MinimumVisualStudioVersion = 10.0.40219.1
Project("{FAE04EC0-301F-11D3-BF4B-00C04F79EFBC}") = "3-Convert-Parse-ToString", "3-Convert-Parse-ToString\3-Convert-Parse-ToString.csproj", "{82B83955-53A6-4961-8F10-264AF41C8A56}"
EndProject
Global
	GlobalSection(SolutionConfigurationPlatforms) = preSolution
		Debug|Any CPU = Debug|Any CPU
		Release|Any CPU = Release|Any CPU
	EndGlobalSection
	GlobalSection(ProjectConfigurationPlatforms) = postSolution
		{82B83955-53A6-4961-8F10-264AF41C8A56}.Debug|Any CPU.ActiveCfg = Debug|Any CPU
		{82B83955-53A6-4961-8F10-264AF41C8A56}.Debug|Any CPU.Build.0 = Debug|Any CPU
		{82B83955-53A6-4961-8F10-264AF41C8A56}.Release|Any CPU.ActiveCfg = Release|Any CPU
		{82B83955-53A6-4961-8F10-264AF41C8A56}.Release|Any CPU.Build.0 = Release|Any CPU
	EndGlobalSection
	GlobalSection(SolutionProperties) = preSolution
		HideSolutionNode = FALSE
	EndGlobalSection
	GlobalSection(ExtensibilityGlobals) = postSolution
		SolutionGuid = {F5A37FE3-296F-47F3-8A85-DBE78DE4C105}
	EndGlobalSection
EndGlobal
